{
    "_meta": {
        "hash": {
            "sha256": "f99921ce2a57d4d76ff278d338da24461de8fdd6d43e22b4f711f68b170d9d27"
        },
        "host-environment-markers": {
            "implementation_name": "cpython",
            "implementation_version": "0",
            "os_name": "posix",
            "platform_machine": "x86_64",
            "platform_python_implementation": "CPython",
            "platform_release": "4.14.0-kali3-amd64",
            "platform_system": "Linux",
            "platform_version": "#1 SMP Debian 4.14.13-1kali1 (2018-01-25)",
            "python_full_version": "2.7.14+",
            "python_version": "2.7",
            "sys_platform": "linux2"
        },
        "pipfile-spec": 6,
        "requires": {},
        "sources": [
            {
                "name": "pypi",
                "url": "https://pypi.python.org/simple",
                "verify_ssl": true
            }
        ]
    },
    "default": {
        "alabaster": {
            "hashes": [
                "sha256:2eef172f44e8d301d25aff8068fddd65f767a3f04b5f15b0f4922f113aa1c732",
                "sha256:37cdcb9e9954ed60912ebc1ca12a9d12178c26637abdf124e3cde2341c257fe0"
            ],
            "version": "==0.7.10"
        },
        "argh": {
            "hashes": [
                "sha256:a9b3aaa1904eeb78e32394cd46c6f37ac0fb4af6dc488daa58971bdc7d7fcaf3",
                "sha256:e9535b8c84dc9571a48999094fda7f33e63c3f1b74f3e5f3ac0105a58405bb65"
            ],
            "version": "==0.26.2"
        },
        "astroid": {
            "hashes": [
                "sha256:db5cfc9af6e0b60cd07c19478fb54021fc20d2d189882fbcbc94fc69a8aecc58",
                "sha256:f0a0e386dbca9f93ea9f3ea6f32b37a24720502b7baa9cb17c3976a680d43a06"
            ],
            "version": "==1.6.1"
        },
        "babel": {
            "hashes": [
                "sha256:ad209a68d7162c4cff4b29cdebe3dec4cef75492df501b0049a9433c96ce6f80",
                "sha256:8ce4cb6fdd4393edd323227cba3a077bceb2a6ce5201c902c65e730046f41f14"
            ],
            "version": "==2.5.3"
        },
        "backports.functools-lru-cache": {
            "hashes": [
                "sha256:f0b0e4eba956de51238e17573b7087e852dfe9854afd2e9c873f73fc0ca0a6dd",
                "sha256:9d98697f088eb1b0fa451391f91afb5e3ebde16bbdb272819fd091151fda4f1a"
            ],
            "markers": "python_version == '2.7'",
            "version": "==1.5"
        },
        "bumpversion": {
            "hashes": [
                "sha256:6753d9ff3552013e2130f7bc03c1007e24473b4835952679653fb132367bdd57",
                "sha256:6744c873dd7aafc24453d8b6a1a0d6d109faf63cd0cd19cb78fd46e74932c77e"
            ],
            "version": "==0.5.3"
        },
        "configparser": {
            "hashes": [
                "sha256:5308b47021bc2340965c371f0f058cc6971a04502638d4244225c49d80db273a"
            ],
            "markers": "python_version == '2.7'",
            "version": "==3.5.0"
        },
        "coverage": {
            "hashes": [
                "sha256:82923e0771d6343326596bebfe649b49b1de7e44aa8ffd6c07e10493a8bc819f",
                "sha256:011906aa4ba1b0efdb85de7ec8df0ac02fa957e9f9e5a3ecf7fb77b0e72e9d1e",
                "sha256:6145e7ee8d79eec01f65f7013180a68b7b873f2e3c96479657d06e2f653e6daa",
                "sha256:0c0a3e9c10268eaa4cd7f7598fcce3c9cc6833ddb265c57c6328c4331a9ed42e",
                "sha256:212ee4232b4971521332c4966363605f03160baef9953d15e1ff7175eeb76bcc",
                "sha256:e9986db9f87ba4de17d9fba1facc7db8d8a7eadf4c14497d09528dc1e613ffde",
                "sha256:cd427fb51ed73cc66d2644449a68a550fbafaa57d2bfd5c5536d977a327a8d13",
                "sha256:3a185466a933ce95e66a5ec4818d8e1a03b5998de044b775ac61b54d2d29e8bc",
                "sha256:a6a092bf2ab7d5dbce2a249e6aa23ea2e2181dc89f575cc9b17341a89e479312",
                "sha256:a4eb2ca4ecf2c1ec02492302c8755d182ae81f81e392f8a513be13f212af0b14",
                "sha256:ba7c36aebc4345bbd6dcd60f8f17b49a55d44e8f56655a447d91cefda2655fda",
                "sha256:616b8ea9726a67188cdcc3da55e6b8f3f4aec975aab5e64ca041bb84113e91ef",
                "sha256:72b74567feace862c7feeb949d3094247e49587e7d716bd798695fb40c26418c",
                "sha256:faec03df1bd3d3ab2b85a226ed3942bfcd1682dbe4c91fcfa160e594861bf9b2",
                "sha256:fb693f1638c0e5e077fd885730fb72410c774859ec625a921468021623f91b50",
                "sha256:e99df5724c775f36f171783874c989b48ccfc00d50b86bbdbaae96c5bee44cf7",
                "sha256:8e669d8dbf79262b3cdf3ec8a75043b68bc0415cee3c7991809ae620718d2e73",
                "sha256:41632b5e2c0ec510e4c0f1f0f02a702477d1f837693964390553539217c92b07",
                "sha256:3189d86ff81b51f500cab40f435f7be6f9df1ce1782c5d21b218889c4d39eab3",
                "sha256:8138f5642ad32e5e3bf47761973da075ee42899631a8228975e4974cd9d7c30a",
                "sha256:abadbe1f60bb33ca7b1becf1a15ebd2ea41692398f15ed4fff53f26abec9cdbe",
                "sha256:728b8e5314171808fa7c685e3ae2b3517485ac9f38e5afaf1e542b4304049ac9",
                "sha256:2ade842b18e618252a414d1ad7835e68561ded8b6ba2b8d792150f515a3e524a",
                "sha256:eb589d8a0f9b4c5e855afb148fbd765c0ce91a7b7a330dea6d90bef8ca6259dc",
                "sha256:587b04bd5ef483db56d4035e5be85930bcbfbc2110459f2f3155aa70807b3902",
                "sha256:30dbb60cb2a28cf3d9b4abe39449cdd843148306aaa2bb15f03ae06861defe09",
                "sha256:330e6afe0b0353eeab056ab826751347ed1a9406c39b5210118ccd2540185aed",
                "sha256:8e935672ddf83f7ed6c2855fcfbafa79f398e3ab9780816d5ce36962e5bb79ee",
                "sha256:e2e9fc1b820cc976024bcbad3431360935bb65333ba36e1e83657e27405d3ddf"
            ],
            "version": "==4.1"
        },
        "docutils": {
            "hashes": [
                "sha256:7a4bd47eaf6596e1295ecb11361139febe29b084a87bf005bf899f9a42edc3c6",
                "sha256:02aec4bd92ab067f6ff27a38a38a41173bf01bed8f89157768c1573f53e474a6",
                "sha256:51e64ef2ebfb29cae1faa133b3710143496eca21c530f3f71424d77687764274"
            ],
            "version": "==0.14"
        },
        "enum34": {
            "hashes": [
                "sha256:6bd0f6ad48ec2aa117d3d141940d484deccda84d4fcd884f5c3d93c23ecd8c79",
                "sha256:644837f692e5f550741432dd3f223bbb9852018674981b1664e5dc339387588a",
                "sha256:8ad8c4783bf61ded74527bffb48ed9b54166685e4230386a9ed9b1279e2df5b1",
                "sha256:2d81cbbe0e73112bdfe6ef8576f2238f2ba27dd0d55752a776c41d38b7da2850"
            ],
            "markers": "python_version < '3.4'",
            "version": "==1.1.6"
        },
        "flake8": {
            "hashes": [
                "sha256:d37bae8d6c836ea9f29a670f870b1652ff08d9b52b371fe1b7a53eb95e335f29",
                "sha256:5ae018121a495edeb83097ba1bdd1a8481db24e1f0d54e8a78edb26ba0df82cf"
            ],
            "version": "==2.6.0"
        },
        "futures": {
            "hashes": [
                "sha256:ec0a6cb848cc212002b9828c3e34c675e0c9ff6741dc445cab6fdd4e1085d1f1",
                "sha256:9ec02aa7d674acb8618afb127e27fde7fc68994c0437ad759fa094a574adb265"
            ],
            "version": "==3.2.0"
        },
        "imagesize": {
            "hashes": [
                "sha256:6ebdc9e0ad188f9d1b2cdd9bc59cbe42bf931875e829e7a595e6b3abdc05cdfb",
                "sha256:0ab2c62b87987e3252f89d30b7cedbec12a01af9274af9ffa48108f2c13c6062"
            ],
            "version": "==0.7.1"
        },
        "isort": {
            "hashes": [
                "sha256:ec9ef8f4a9bc6f71eec99e1806bfa2de401650d996c59330782b89a5555c1497",
                "sha256:1153601da39a25b14ddc54955dbbacbb6b2d19135386699e2ad58517953b34af",
                "sha256:b9c40e9750f3d77e6e4d441d8b0266cf555e7cdabdcff33c4fd06366ca761ef8"
            ],
            "version": "==4.3.4"
        },
        "jinja2": {
            "hashes": [
                "sha256:74c935a1b8bb9a3947c50a54766a969d4846290e1e788ea44c1392163723c3bd",
                "sha256:f84be1bb0040caca4cea721fcbbbbd61f9be9464ca236387158b0feea01914a4"
            ],
            "version": "==2.10"
        },
        "lazy-object-proxy": {
            "hashes": [
                "sha256:209615b0fe4624d79e50220ce3310ca1a9445fd8e6d3572a896e7f9146bbf019",
                "sha256:1b668120716eb7ee21d8a38815e5eb3bb8211117d9a90b0f8e21722c0758cc39",
                "sha256:cb924aa3e4a3fb644d0c463cad5bc2572649a6a3f68a7f8e4fbe44aaa6d77e4c",
                "sha256:2c1b21b44ac9beb0fc848d3993924147ba45c4ebc24be19825e57aabbe74a99e",
                "sha256:320ffd3de9699d3892048baee45ebfbbf9388a7d65d832d7e580243ade426d2b",
                "sha256:2df72ab12046a3496a92476020a1a0abf78b2a7db9ff4dc2036b8dd980203ae6",
                "sha256:27ea6fd1c02dcc78172a82fc37fcc0992a94e4cecf53cb6d73f11749825bd98b",
                "sha256:e5b9e8f6bda48460b7b143c3821b21b452cb3a835e6bbd5dd33aa0c8d3f5137d",
                "sha256:7661d401d60d8bf15bb5da39e4dd72f5d764c5aff5a86ef52a042506e3e970ff",
                "sha256:61a6cf00dcb1a7f0c773ed4acc509cb636af2d6337a08f362413c76b2b47a8dd",
                "sha256:bd6292f565ca46dee4e737ebcc20742e3b5be2b01556dafe169f6c65d088875f",
                "sha256:933947e8b4fbe617a51528b09851685138b49d511af0b6c0da2539115d6d4514",
                "sha256:d0fc7a286feac9077ec52a927fc9fe8fe2fabab95426722be4c953c9a8bede92",
                "sha256:7f3a2d740291f7f2c111d86a1c4851b70fb000a6c8883a59660d95ad57b9df35",
                "sha256:5276db7ff62bb7b52f77f1f51ed58850e315154249aceb42e7f4c611f0f847ff",
                "sha256:94223d7f060301b3a8c09c9b3bc3294b56b2188e7d8179c762a1cda72c979252",
                "sha256:6ae6c4cb59f199d8827c5a07546b2ab7e85d262acaccaacd49b62f53f7c456f7",
                "sha256:f460d1ceb0e4a5dcb2a652db0904224f367c9b3c1470d5a7683c0480e582468b",
                "sha256:e81ebf6c5ee9684be8f2c87563880f93eedd56dd2b6146d8a725b50b7e5adb0f",
                "sha256:81304b7d8e9c824d058087dcb89144842c8e0dea6d281c031f59f0acf66963d4",
                "sha256:ddc34786490a6e4ec0a855d401034cbd1242ef186c20d79d2166d6a4bd449577",
                "sha256:7bd527f36a605c914efca5d3d014170b2cb184723e423d26b1fb2fd9108e264d",
                "sha256:ab3ca49afcb47058393b0122428358d2fbe0408cf99f1b58b295cfeb4ed39109",
                "sha256:7cb54db3535c8686ea12e9535eb087d32421184eacc6939ef15ef50f83a5e7e2",
                "sha256:0ce34342b419bd8f018e6666bfef729aec3edf62345a53b537a4dcc115746a33",
                "sha256:e34b155e36fa9da7e1b7c738ed7767fc9491a62ec6af70fe9da4a057759edc2d",
                "sha256:50e3b9a464d5d08cc5227413db0d1c4707b6172e4d4d915c1c70e4de0bbff1f5",
                "sha256:27bf62cb2b1a2068d443ff7097ee33393f8483b570b475db8ebf7e1cba64f088",
                "sha256:eb91be369f945f10d3a49f5f9be8b3d0b93a4c2be8f8a5b83b0571b8123e0a7a"
            ],
            "version": "==1.3.1"
        },
        "markupsafe": {
            "hashes": [
                "sha256:a6be69091dac236ea9c6bc7d012beab42010fa914c459791d627dad4910eb665"
            ],
            "version": "==1.0"
        },
        "mccabe": {
            "hashes": [
                "sha256:f9b58bf366c1506dcd6117b33e5c4874746f0de859c9c7cab8b516cb6be1d22e",
                "sha256:16293af41e7242031afd73896fef6458f4cad38201d21e28f344fff50ae1c25e"
            ],
            "version": "==0.5.3"
        },
        "numpy": {
            "hashes": [
                "sha256:428cd3c0b197cf857671353d8c85833193921af9fafcc169a1f29c7185833d50",
                "sha256:a476e437d73e5754aa66e1e75840d0163119c3911b7361f4cd06985212a3c3fb",
                "sha256:289ff717138cd9aa133adcbd3c3e284458b9c8230db4d42b39083a3407370317",
                "sha256:c5eccb4bf96dbb2436c61bb3c2658139e779679b6ae0d04c5e268e6608b58053",
                "sha256:75471acf298d455b035226cc609a92aee42c4bb6aa71def85f77fa2c2b646b61",
                "sha256:5c54fb98ecf42da59ed93736d1c071842482b18657eb16ba6e466bd873e1b923",
                "sha256:9ddf384ac3aacb72e122a8207775cc29727cbd9c531ee1a4b95754f24f42f7f3",
                "sha256:781d3197da49c421a07f250750de70a52c42af08ca02a2f7bdb571c0625ae7eb",
                "sha256:93b26d6c06a22e64d56aaca32aaaffd27a4143db0ac2f21a048f0b571f2bfc55",
                "sha256:b2547f57d05ba59df4289493254f29f4c9082d255f1f97b7e286f40f453e33a1",
                "sha256:eef6af1c752eef538a96018ef9bdf8e37bbf28aab50a1436501a4aa47a6467df",
                "sha256:ff8a4b2c3ac831964f529a2da506c28d002562b230261ae5c16885f5f53d2e75",
                "sha256:194074058c22a4066e1b6a4ea432486ee468d24ab16f13630c1030409e6b8666",
                "sha256:4e13f1a848fde960dea33702770265837c72b796a6a3eaac7528cfe75ddefadd",
                "sha256:91101216d72749df63968d86611b549438fb18af2c63849c01f9a897516133c7",
                "sha256:97507349abb7d1f6b76b877258defe8720833881dc7e7fd052bac90c88587387",
                "sha256:1479b46b6040b5c689831496354c8859c456b152d37315673a0c18720b41223b",
                "sha256:98b1ac79c160e36093d7914244e40ee1e7164223e795aa2c71dcce367554e646",
                "sha256:24bbec9a199f938eab75de8390f410969bc33c218e5430fa1ae9401b00865255",
                "sha256:7880f412543e96548374a4bb1d75e4cdb8cad80f3a101ed0f8d0e0428f719c1c",
                "sha256:6112f152b76a28c450bbf665da11757078a724a90330112f5b7ea2d6b6cefd67",
                "sha256:7c5276763646480143d5f3a6c2acb2885460c765051a1baf4d5070f63d05010f",
                "sha256:3de643935b212307b420248018323a44ec51987a336d1d747c1322afc3c099fb"
            ],
            "version": "==1.14.0"
        },
        "pandas": {
            "hashes": [
                "sha256:68ac484e857dcbbd07ea7c6f516cc67f7f143f5313d9bc661470e7f473528882",
                "sha256:12f2a19d0b0adf31170d98d0e8bcbc59add0965a9b0c65d39e0665400491c0c5",
                "sha256:68b121d13177f5128a4c118bb4f73ba40df28292c038389961aa55ea5a996427",
                "sha256:06efae5c00b9f4c6e6d3fe1eb52e590ff0ea8e5cb58032c724e04d31c540de53",
                "sha256:02541a4fdd31315f213a5c8e18708abad719ee03eda05f603c4fe973e9b9d770",
                "sha256:2907f3fe91ca2119ac3c38de6891bbbc83333bfe0d98309768fee28de563ee7a",
                "sha256:052a66f58783a59ea38fdfee25de083b107baa81fdbe38fabd169d0f9efce2bf",
                "sha256:244ae0b9e998cfa88452a49b20e29bf582cc7c0e69093876d505aec4f8e1c7fe",
                "sha256:66403162c8b45325a995493bdd78ad4d8be085e527d721dbfa773d56fbba9c88",
                "sha256:af0dbac881f6f87acd325415adea0ce8cccf28f5d4ad7a54b6a1e176e2f7bf70",
                "sha256:c2cd884794924687edbaad40d18ac984054d247bb877890932c4d41e3c3aba31",
                "sha256:c372db80a5bcb143c9cb254d50f902772c3b093a4f965275197ec2d2184b1e61",
                "sha256:97c8223d42d43d86ca359a57b4702ca0529c6553e83d736e93a5699951f0f8db",
                "sha256:587a9816cc663c958fcff7907c553b73fe196604f990bc98e1b71ebf07e45b44",
                "sha256:44a94091dd71f05922eec661638ec1a35f26d573c119aa2fad964f10a2880e6c"
            ],
            "version": "==0.22.0"
        },
        "pathtools": {
            "hashes": [
                "sha256:7c35c5421a39bb82e58018febd90e3b6e5db34c5443aaaf742b3f33d4655f1c0"
            ],
            "version": "==0.1.2"
        },
        "pluggy": {
            "hashes": [
                "sha256:48096d7015b8d87a83fc064e8b5cc61ea2e235f1b86dd67889d8d53257f350c6",
                "sha256:159cc783e056c07da6552aa5aef6b1e6c0064b4f18bd49c531fd2d40aafb0ea3"
            ],
            "version": "==0.3.1"
        },
        "py": {
            "hashes": [
                "sha256:8cca5c229d225f8c1e3085be4fcf306090b00850fefad892f9d96c7b6e2f310f",
                "sha256:ca18943e28235417756316bfada6cd96b23ce60dd532642690dcfdaba988a76d"
            ],
            "version": "==1.5.2"
        },
        "pycodestyle": {
            "hashes": [
                "sha256:2ce83f2046f5ab85c652ceceddfbde7a64a909900989b4b43e92b10b743d0ce5",
                "sha256:37f0420b14630b0eaaf452978f3a6ea4816d787c3e6dcbba6fb255030adae2e7"
            ],
            "version": "==2.0.0"
        },
        "pyflakes": {
            "hashes": [
                "sha256:e87bac26c62ea5b45067cc89e4a12f56e1483f1f2cda17e7c9b375b9fd2f40da",
                "sha256:2e4a1b636d8809d8f0a69f341acf15b2e401a3221ede11be439911d23ce2139e"
            ],
            "version": "==1.2.3"
        },
        "pygments": {
            "hashes": [
                "sha256:78f3f434bcc5d6ee09020f92ba487f95ba50f1e3ef83ae96b9d5ffa1bab25c5d",
                "sha256:dbae1046def0efb574852fab9e90209b23f556367b5a320c0bcb871c77c3e8cc"
            ],
            "version": "==2.2.0"
        },
        "pylint": {
            "hashes": [
                "sha256:156839bedaa798febee72893beef00c650c2e7abafb5586fc7a6a56be7f80412",
                "sha256:4fe3b99da7e789545327b75548cee6b511e4faa98afe268130fea1af4b5ec022"
            ],
            "version": "==1.8.2"
        },
        "pytest": {
            "hashes": [
                "sha256:ccc23b4aab3ef3e19e731de9baca73f3b1a7e610d9ec65b28c36a5a3305f0349",
                "sha256:12c18abb9a09a5b2802dba75c7a2d7d6c8c0f1258abd8243e7688415d87ad1d8"
            ],
            "version": "==2.9.2"
        },
        "pytest-runner": {
            "hashes": [
                "sha256:feca6166c9c3b535441a9818126c9030101417c057892f29ffd5d8ae56613f35",
                "sha256:983a31eab45e375240e250161a556163bc8d250edaba97960909338c273a89b3"
            ],
            "version": "==2.11.1"
        },
        "python-dateutil": {
            "hashes": [
                "sha256:95511bae634d69bc7329ba55e646499a842bc4ec342ad54a8cdb65645a0aad3c",
                "sha256:891c38b2a02f5bb1be3e4793866c8df49c7d19baabf9c1bad62547e0b4866aca"
            ],
            "version": "==2.6.1"
        },
        "pytz": {
            "hashes": [
                "sha256:ed6509d9af298b7995d69a440e2822288f2eca1681b8cce37673dbb10091e5fe",
                "sha256:f93ddcdd6342f94cea379c73cddb5724e0d6d0a1c91c9bdef364dc0368ba4fda",
                "sha256:61242a9abc626379574a166dc0e96a66cd7c3b27fc10868003fa210be4bff1c9",
                "sha256:ba18e6a243b3625513d85239b3e49055a2f0318466e0b8a92b8fb8ca7ccdf55f",
                "sha256:07edfc3d4d2705a20a6e99d97f0c4b61c800b8232dc1c04d87e8554f130148dd",
                "sha256:3a47ff71597f821cd84a162e71593004286e5be07a340fd462f0d33a760782b5",
                "sha256:5bd55c744e6feaa4d599a6cbd8228b4f8f9ba96de2c38d56f08e534b3c9edf0d",
                "sha256:887ab5e5b32e4d0c86efddd3d055c1f363cbaa583beb8da5e22d2fa2f64d51ef",
                "sha256:410bcd1d6409026fbaa65d9ed33bf6dd8b1e94a499e32168acfc7b332e4095c0"
            ],
            "version": "==2018.3"
        },
        "pyyaml": {
            "hashes": [
                "sha256:3262c96a1ca437e7e4763e2843746588a965426550f3797a79fca9c6199c431f",
                "sha256:16b20e970597e051997d90dc2cddc713a2876c47e3d92d59ee198700c5427736",
                "sha256:e863072cdf4c72eebf179342c94e6989c67185842d9997960b3e69290b2fa269",
                "sha256:bc6bced57f826ca7cb5125a10b23fd0f2fff3b7c4701d64c439a300ce665fff8",
                "sha256:c01b880ec30b5a6e6aa67b09a2fe3fb30473008c85cd6a67359a1b15ed6d83a4",
                "sha256:827dc04b8fa7d07c44de11fabbc888e627fa8293b695e0f99cb544fdfa1bf0d1",
                "sha256:592766c6303207a20efc445587778322d7f73b161bd994f227adaa341ba212ab",
                "sha256:5f84523c076ad14ff5e6c037fe1c89a7f73a3e04cf0377cb4d017014976433f3",
                "sha256:0c507b7f74b3d2dd4d1322ec8a94794927305ab4cebbe89cc47fe5e81541e6e8",
                "sha256:b4c423ab23291d3945ac61346feeb9a0dc4184999ede5e7c43e1ffb975130ae6",
                "sha256:ca233c64c6e40eaa6c66ef97058cdc80e8d0157a443655baa1b2966e812807ca",
                "sha256:4474f8ea030b5127225b8894d626bb66c01cda098d47a2b0d3429b6700af9fd8",
                "sha256:326420cbb492172dec84b0f65c80942de6cedb5233c413dd824483989c000608",
                "sha256:5ac82e411044fb129bae5cfbeb3ba626acb2af31a8d17d175004b70862a741a7"
            ],
            "version": "==3.12"
        },
        "singledispatch": {
            "hashes": [
                "sha256:833b46966687b3de7f438c761ac475213e53b306740f1abfaa86e1d1aae56aa8",
                "sha256:5b06af87df13818d14f08a028e42f566640aef80805c3b50c5056b086e3c2b9c"
            ],
            "markers": "python_version < '3.4'",
            "version": "==3.4.0.3"
        },
        "six": {
            "hashes": [
                "sha256:832dc0e10feb1aa2c68dcc57dbb658f1c7e65b9b61af69048abc87a2db00a0eb",
                "sha256:70e8a77beed4562e7f14fe23a786b54f6296e34344c23bc42f07b15018ff98e9"
            ],
            "version": "==1.11.0"
        },
        "snowballstemmer": {
            "hashes": [
                "sha256:9f3bcd3c401c3e862ec0ebe6d2c069ebc012ce142cce209c098ccb5b09136e89",
                "sha256:919f26a68b2c17a7634da993d91339e288964f93c274f1343e3bbbe2096e1128"
            ],
            "version": "==1.2.1"
        },
        "sphinx": {
            "hashes": [
                "sha256:c715b714228bd135a41b33ff91e5f41ac434ceb6e98a86447687a2177e7486b9",
                "sha256:41af978f653ef862eb4bb3776dabd8ff13afed17e431907310fe990a3947707f"
            ],
            "version": "==1.4.8"
        },
        "tox": {
            "hashes": [
                "sha256:1823c93ca378092c10bbde428213d3f5066b30adb09e5c001087a83e3e0a402a",
                "sha256:bf7fcc140863820700d3ccd65b33820ba747b61c5fe4e2b91bb8c64cb21a47ee"
            ],
            "version": "==2.3.1"
        },
        "virtualenv": {
            "hashes": [
                "sha256:39d88b533b422825d644087a21e78c45cf5af0ef7a99a1fc9fbb7b481e5c85b0",
                "sha256:02f8102c2436bb03b3ee6dede1919d1dac8a427541652e5ec95171ec8adbc93a"
            ],
            "version": "==15.1.0"
        },
        "watchdog": {
            "hashes": [
                "sha256:7e65882adb7746039b6f3876ee174952f8eaaa34491ba34333ddf1fe35de4162"
            ],
            "version": "==0.8.3"
        },
        "wrapt": {
            "hashes": [
                "sha256:d4d560d479f2c21e1b5443bbd15fe7ec4b37fe7e53d335d3b9b0a7b1226fe3c6"
            ],
            "version": "==1.10.11"
        }
    },
    "develop": {}
}
